
Microsoft Visual Studio Solution File, Format Version 12.00
# Visual Studio 15
VisualStudioVersion = 15.0.27703.2042
MinimumVisualStudioVersion = 10.0.40219.1
Project("{FAE04EC0-301F-11D3-BF4B-00C04F79EFBC}") = "RogueFramework", "RogueFramework\RogueFramework.csproj", "{C65AD339-CC16-4242-9CB6-38C42FEBA133}"
EndProject
Global
	GlobalSection(SolutionConfigurationPlatforms) = preSolution
		Debug|Any CPU = Debug|Any CPU
		Release|Any CPU = Release|Any CPU
	EndGlobalSection
	GlobalSection(ProjectConfigurationPlatforms) = postSolution
		{C65AD339-CC16-4242-9CB6-38C42FEBA133}.Debug|Any CPU.ActiveCfg = Debug|Any CPU
		{C65AD339-CC16-4242-9CB6-38C42FEBA133}.Debug|Any CPU.Build.0 = Debug|Any CPU
		{C65AD339-CC16-4242-9CB6-38C42FEBA133}.Release|Any CPU.ActiveCfg = Release|Any CPU
		{C65AD339-CC16-4242-9CB6-38C42FEBA133}.Release|Any CPU.Build.0 = Release|Any CPU
	EndGlobalSection
	GlobalSection(SolutionProperties) = preSolution
		HideSolutionNode = FALSE
	EndGlobalSection
	GlobalSection(ExtensibilityGlobals) = postSolution
		SolutionGuid = {79B6087C-7C64-4FDC-809E-1FF046960D64}
	EndGlobalSection
EndGlobal
